Microsoft Visual Studio Solution File, Format Version 12.00
# Visual Studio Version 17
VisualStudioVersion = 17.5.2.0
MinimumVisualStudioVersion = 10.0.40219.1
Project("{FAE04EC0-301F-11D3-BF4B-00C04F79EFBC}") = "ConnectHub.Auth", "ConnectHub.Auth\ConnectHub.Auth.csproj", "{909E140A-0E0F-6EAB-DE5A-10F7E17A5B97}"
EndProject
Project("{FAE04EC0-301F-11D3-BF4B-00C04F79EFBC}") = "ConnectHub.Auth.Tests", "ConnectHub.Auth.Tests\ConnectHub.Auth.Tests.csproj", "{3B5676E5-20A5-99DD-597E-D40822310A6D}"
EndProject
Global
	GlobalSection(SolutionConfigurationPlatforms) = preSolution
		Debug|Any CPU = Debug|Any CPU
		Release|Any CPU = Release|Any CPU
	EndGlobalSection
	GlobalSection(ProjectConfigurationPlatforms) = postSolution
		{909E140A-0E0F-6EAB-DE5A-10F7E17A5B97}.Debug|Any CPU.ActiveCfg = Debug|Any CPU
		{909E140A-0E0F-6EAB-DE5A-10F7E17A5B97}.Debug|Any CPU.Build.0 = Debug|Any CPU
		{909E140A-0E0F-6EAB-DE5A-10F7E17A5B97}.Release|Any CPU.ActiveCfg = Release|Any CPU
		{909E140A-0E0F-6EAB-DE5A-10F7E17A5B97}.Release|Any CPU.Build.0 = Release|Any CPU
		{3B5676E5-20A5-99DD-597E-D40822310A6D}.Debug|Any CPU.ActiveCfg = Debug|Any CPU
		{3B5676E5-20A5-99DD-597E-D40822310A6D}.Debug|Any CPU.Build.0 = Debug|Any CPU
		{3B5676E5-20A5-99DD-597E-D40822310A6D}.Release|Any CPU.ActiveCfg = Release|Any CPU
		{3B5676E5-20A5-99DD-597E-D40822310A6D}.Release|Any CPU.Build.0 = Release|Any CPU
	EndGlobalSection
	GlobalSection(SolutionProperties) = preSolution
		HideSolutionNode = FALSE
	EndGlobalSection
	GlobalSection(ExtensibilityGlobals) = postSolution
		SolutionGuid = {EC474AF8-2F7F-462B-A6E6-830D16AAAA0B}
	EndGlobalSection
EndGlobal
